// !$*UTF8*$!
{
	archiveVersion = 1;
	classes = {
	};
	objectVersion = 50;
	objects = {

/* Begin PBXBuildFile section */
		9C1418A72639E71C006CC37C /* AppEnvApp.swift in Sources */ = {isa = PBXBuildFile; fileRef = 9C1418A62639E71C006CC37C /* AppEnvApp.swift */; };
		9C1418A92639E71C006CC37C /* ContentView.swift in Sources */ = {isa = PBXBuildFile; fileRef = 9C1418A82639E71C006CC37C /* ContentView.swift */; };
		9C1418AB2639E71C006CC37C /* Assets.xcassets in Resources */ = {isa = PBXBuildFile; fileRef = 9C1418AA2639E71C006CC37C /* Assets.xcassets */; };
		9C1418AE2639E71C006CC37C /* Preview Assets.xcassets in Resources */ = {isa = PBXBuildFile; fileRef = 9C1418AD2639E71C006CC37C /* Preview Assets.xcassets */; };
		9C1418B82639EAFC006CC37C /* FileClient.swift in Sources */ = {isa = PBXBuildFile; fileRef = 9C1418B72639EAFC006CC37C /* FileClient.swift */; };
		9C1418BA2639EB8B006CC37C /* AppEnvironment.swift in Sources */ = {isa = PBXBuildFile; fileRef = 9C1418B92639EB8B006CC37C /* AppEnvironment.swift */; };
/* End PBXBuildFile section */

/* Begin PBXFileReference section */
		9C1418A32639E71C006CC37C /* AppEnv.app */ = {isa = PBXFileReference; explicitFileType = wrapper.application; includeInIndex = 0; path = AppEnv.app; sourceTree = BUILT_PRODUCTS_DIR; };
		9C1418A62639E71C006CC37C /* AppEnvApp.swift */ = {isa = PBXFileReference; lastKnownFileType = sourcecode.swift; path = AppEnvApp.swift; sourceTree = "<group>"; };
		9C1418A82639E71C006CC37C /* ContentView.swift */ = {isa = PBXFileReference; lastKnownFileType = sourcecode.swift; path = ContentView.swift; sourceTree = "<group>"; };
		9C1418AA2639E71C006CC37C /* Assets.xcassets */ = {isa = PBXFileReference; lastKnownFileType = folder.assetcatalog; path = Assets.xcassets; sourceTree = "<group>"; };
		9C1418AD2639E71C006CC37C /* Preview Assets.xcassets */ = {isa = PBXFileReference; lastKnownFileType = folder.assetcatalog; path = "Preview Assets.xcassets"; sourceTree = "<group>"; };
		9C1418AF2639E71C006CC37C /* Info.plist */ = {isa = PBXFileReference; lastKnownFileType = text.plist.xml; path = Info.plist; sourceTree = "<group>"; };
		9C1418B72639EAFC006CC37C /* FileClient.swift */ = {isa = PBXFileReference; lastKnownFileType = sourcecode.swift; path = FileClient.swift; sourceTree = "<group>"; };
		9C1418B92639EB8B006CC37C /* AppEnvironment.swift */ = {isa = PBXFileReference; lastKnownFileType = sourcecode.swift; path = AppEnvironment.swift; sourceTree = "<group>"; };
		9C1418BB2639EFFD006CC37C /* text.txt */ = {isa = PBXFileReference; lastKnownFileType = text; path = text.txt; sourceTree = "<group>"; };
/* End PBXFileReference section */

/* Begin PBXFrameworksBuildPhase section */
		9C1418A02639E71C006CC37C /* Frameworks */ = {
			isa = PBXFrameworksBuildPhase;
			buildActionMask = 2147483647;
			files = (
			);
			runOnlyForDeploymentPostprocessing = 0;
		};
/* End PBXFrameworksBuildPhase section */

/* Begin PBXGroup section */
		9C14189A2639E71C006CC37C = {
			isa = PBXGroup;
			children = (
				9C1418A52639E71C006CC37C /* AppEnv */,
				9C1418A42639E71C006CC37C /* Products */,
			);
			sourceTree = "<group>";
		};
		9C1418A42639E71C006CC37C /* Products */ = {
			isa = PBXGroup;
			children = (
				9C1418A32639E71C006CC37C /* AppEnv.app */,
			);
			name = Products;
			sourceTree = "<group>";
		};
		9C1418A52639E71C006CC37C /* AppEnv */ = {
			isa = PBXGroup;
			children = (
				9C1418A62639E71C006CC37C /* AppEnvApp.swift */,
				9C1418A82639E71C006CC37C /* ContentView.swift */,
				9C1418AA2639E71C006CC37C /* Assets.xcassets */,
				9C1418AF2639E71C006CC37C /* Info.plist */,
				9C1418AC2639E71C006CC37C /* Preview Content */,
				9C1418B72639EAFC006CC37C /* FileClient.swift */,
				9C1418B92639EB8B006CC37C /* AppEnvironment.swift */,
			);
			path = AppEnv;
			sourceTree = "<group>";
		};
		9C1418AC2639E71C006CC37C /* Preview Content */ = {
			isa = PBXGroup;
			children = (
				9C1418AD2639E71C006CC37C /* Preview Assets.xcassets */,
				9C1418BB2639EFFD006CC37C /* text.txt */,
			);
			path = "Preview Content";
			sourceTree = "<group>";
		};
/* End PBXGroup section */

/* Begin PBXNativeTarget section */
		9C1418A22639E71C006CC37C /* AppEnv */ = {
			isa = PBXNativeTarget;
			buildConfigurationList = 9C1418B22639E71C006CC37C /* Build configuration list for PBXNativeTarget "AppEnv" */;
			buildPhases = (
				9C14189F2639E71C006CC37C /* Sources */,
				9C1418A02639E71C006CC37C /* Frameworks */,
				9C1418A12639E71C006CC37C /* Resources */,
			);
			buildRules = (
			);
			dependencies = (
			);
			name = AppEnv;
			productName = AppEnv;
			productReference = 9C1418A32639E71C006CC37C /* AppEnv.app */;
			productType = "com.apple.product-type.application";
		};
/* End PBXNativeTarget section */

/* Begin PBXProject section */
		9C14189B2639E71C006CC37C /* Project object */ = {
			isa = PBXProject;
			attributes = {
				LastSwiftUpdateCheck = 1250;
				LastUpgradeCheck = 1250;
				TargetAttributes = {
					9C1418A22639E71C006CC37C = {
						CreatedOnToolsVersion = 12.5;
					};
				};
			};
			buildConfigurationList = 9C14189E2639E71C006CC37C /* Build configuration list for PBXProject "AppEnv" */;
			compatibilityVersion = "Xcode 9.3";
			developmentRegion = en;
			hasScannedForEncodings = 0;
			knownRegions = (
				en,
				Base,
			);
			mainGroup = 9C14189A2639E71C006CC37C;
			productRefGroup = 9C1418A42639E71C006CC37C /* Products */;
			projectDirPath = "";
			projectRoot = "";
			targets = (
				9C1418A22639E71C006CC37C /* AppEnv */,
			);
		};
/* End PBXProject section */

/* Begin PBXResourcesBuildPhase section */
		9C1418A12639E71C006CC37C /* Resources */ = {
			isa = PBXResourcesBuildPhase;
			buildActionMask = 2147483647;
			files = (
				9C1418AE2639E71C006CC37C /* Preview Assets.xcassets in Resources */,
				9C1418AB2639E71C006CC37C /* Assets.xcassets in Resources */,
			);
			runOnlyForDeploymentPostprocessing = 0;
		};
/* End PBXResourcesBuildPhase section */

/* Begin PBXSourcesBuildPhase section */
		9C14189F2639E71C006CC37C /* Sources */ = {
			isa = PBXSourcesBuildPhase;
			buildActionMask = 2147483647;
			files = (
				9C1418A92639E71C006CC37C /* ContentView.swift in Sources */,
				9C1418BA2639EB8B006CC37C /* AppEnvironment.swift in Sources */,
				9C1418B82639EAFC006CC37C /* FileClient.swift in Sources */,
				9C1418A72639E71C006CC37C /* AppEnvApp.swift in Sources */,
			);
			runOnlyForDeploymentPostprocessing = 0;
		};
/* End PBXSourcesBuildPhase section */

/* Begin XCBuildConfiguration section */
		9C1418B02639E71C006CC37C /* Debug */ = {
			isa = XCBuildConfiguration;
			buildSettings = {
				ALWAYS_SEARCH_USER_PATHS = NO;
				CLANG_ANALYZER_NONNULL = YES;
				CLANG_ANALYZER_NUMBER_OBJECT_CONVERSION = YES_AGGRESSIVE;
				CLANG_CXX_LANGUAGE_STANDARD = "gnu++14";
				CLANG_CXX_LIBRARY = "libc++";
				CLANG_ENABLE_MODULES = YES;
				CLANG_ENABLE_OBJC_ARC = YES;
				CLANG_ENABLE_OBJC_WEAK = YES;
				CLANG_WARN_BLOCK_CAPTURE_AUTORELEASING = YES;
				CLANG_WARN_BOOL_CONVERSION = YES;
				CLANG_WARN_COMMA = YES;
				CLANG_WARN_CONSTANT_CONVERSION = YES;
				CLANG_WARN_DEPRECATED_OBJC_IMPLEMENTATIONS = YES;
				CLANG_WARN_DIRECT_OBJC_ISA_USAGE = YES_ERROR;
				CLANG_WARN_DOCUMENTATION_COMMENTS = YES;
				CLANG_WARN_EMPTY_BODY = YES;
				CLANG_WARN_ENUM_CONVERSION = YES;
				CLANG_WARN_INFINITE_RECURSION = YES;
				CLANG_WARN_INT_CONVERSION = YES;
				CLANG_WARN_NON_LITERAL_NULL_CONVERSION = YES;
				CLANG_WARN_OBJC_IMPLICIT_RETAIN_SELF = YES;
				CLANG_WARN_OBJC_LITERAL_CONVERSION = YES;
				CLANG_WARN_OBJC_ROOT_CLASS = YES_ERROR;
				CLANG_WARN_QUOTED_INCLUDE_IN_FRAMEWORK_HEADER = YES;
				CLANG_WARN_RANGE_LOOP_ANALYSIS = YES;
				CLANG_WARN_STRICT_PROTOTYPES = YES;
				CLANG_WARN_SUSPICIOUS_MOVE = YES;
				CLANG_WARN_UNGUARDED_AVAILABILITY = YES_AGGRESSIVE;
				CLANG_WARN_UNREACHABLE_CODE = YES;
				CLANG_WARN__DUPLICATE_METHOD_MATCH = YES;
				COPY_PHASE_STRIP = NO;
				DEBUG_INFORMATION_FORMAT = dwarf;
				ENABLE_STRICT_OBJC_MSGSEND = YES;
				ENABLE_TESTABILITY = YES;
				GCC_C_LANGUAGE_STANDARD = gnu11;
				GCC_DYNAMIC_NO_PIC = NO;
				GCC_NO_COMMON_BLOCKS = YES;
				GCC_OPTIMIZATION_LEVEL = 0;
				GCC_PREPROCESSOR_DEFINITIONS = (
					"DEBUG=1",
					"$(inherited)",
				);
				GCC_WARN_64_TO_32_BIT_CONVERSION = YES;
				GCC_WARN_ABOUT_RETURN_TYPE = YES_ERROR;
				GCC_WARN_UNDECLARED_SELECTOR = YES;
				GCC_WARN_UNINITIALIZED_AUTOS = YES_AGGRESSIVE;
				GCC_WARN_UNUSED_FUNCTION = YES;
				GCC_WARN_UNUSED_VARIABLE = YES;
				IPHONEOS_DEPLOYMENT_TARGET = 14.5;
				MTL_ENABLE_DEBUG_INFO = INCLUDE_SOURCE;
				MTL_FAST_MATH = YES;
				ONLY_ACTIVE_ARCH = YES;
				SDKROOT = iphoneos;
				SWIFT_ACTIVE_COMPILATION_CONDITIONS = DEBUG;
				SWIFT_OPTIMIZATION_LEVEL = "-Onone";
			};
			name = Debug;
		};
		9C1418B12639E71C006CC37C /* Release */ = {
			isa = XCBuildConfiguration;
			buildSettings = {
				ALWAYS_SEARCH_USER_PATHS = NO;
				CLANG_ANALYZER_NONNULL = YES;
				CLANG_ANALYZER_NUMBER_OBJECT_CONVERSION = YES_AGGRESSIVE;
				CLANG_CXX_LANGUAGE_STANDARD = "gnu++14";
				CLANG_CXX_LIBRARY = "libc++";
				CLANG_ENABLE_MODULES = YES;
				CLANG_ENABLE_OBJC_ARC = YES;
				CLANG_ENABLE_OBJC_WEAK = YES;
				CLANG_WARN_BLOCK_CAPTURE_AUTORELEASING = YES;
				CLANG_WARN_BOOL_CONVERSION = YES;
				CLANG_WARN_COMMA = YES;
				CLANG_WARN_CONSTANT_CONVERSION = YES;
				CLANG_WARN_DEPRECATED_OBJC_IMPLEMENTATIONS = YES;
				CLANG_WARN_DIRECT_OBJC_ISA_USAGE = YES_ERROR;
				CLANG_WARN_DOCUMENTATION_COMMENTS = YES;
				CLANG_WARN_EMPTY_BODY = YES;
				CLANG_WARN_ENUM_CONVERSION = YES;
				CLANG_WARN_INFINITE_RECURSION = YES;
				CLANG_WARN_INT_CONVERSION = YES;
				CLANG_WARN_NON_LITERAL_NULL_CONVERSION = YES;
				CLANG_WARN_OBJC_IMPLICIT_RETAIN_SELF = YES;
				CLANG_WARN_OBJC_LITERAL_CONVERSION = YES;
				CLANG_WARN_OBJC_ROOT_CLASS = YES_ERROR;
				CLANG_WARN_QUOTED_INCLUDE_IN_FRAMEWORK_HEADER = YES;
				CLANG_WARN_RANGE_LOOP_ANALYSIS = YES;
				CLANG_WARN_STRICT_PROTOTYPES = YES;
				CLANG_WARN_SUSPICIOUS_MOVE = YES;
				CLANG_WARN_UNGUARDED_AVAILABILITY = YES_AGGRESSIVE;
				CLANG_WARN_UNREACHABLE_CODE = YES;
				CLANG_WARN__DUPLICATE_METHOD_MATCH = YES;
				COPY_PHASE_STRIP = NO;
				DEBUG_INFORMATION_FORMAT = "dwarf-with-dsym";
				ENABLE_NS_ASSERTIONS = NO;
				ENABLE_STRICT_OBJC_MSGSEND = YES;
				GCC_C_LANGUAGE_STANDARD = gnu11;
				GCC_NO_COMMON_BLOCKS = YES;
				GCC_WARN_64_TO_32_BIT_CONVERSION = YES;
				GCC_WARN_ABOUT_RETURN_TYPE = YES_ERROR;
				GCC_WARN_UNDECLARED_SELECTOR = YES;
				GCC_WARN_UNINITIALIZED_AUTOS = YES_AGGRESSIVE;
				GCC_WARN_UNUSED_FUNCTION = YES;
				GCC_WARN_UNUSED_VARIABLE = YES;
				IPHONEOS_DEPLOYMENT_TARGET = 14.5;
				MTL_ENABLE_DEBUG_INFO = NO;
				MTL_FAST_MATH = YES;
				SDKROOT = iphoneos;
				SWIFT_COMPILATION_MODE = wholemodule;
				SWIFT_OPTIMIZATION_LEVEL = "-O";
				VALIDATE_PRODUCT = YES;
			};
			name = Release;
		};
		9C1418B32639E71C006CC37C /* Debug */ = {
			isa = XCBuildConfiguration;
			buildSettings = {
				ASSETCATALOG_COMPILER_APPICON_NAME = AppIcon;
				ASSETCATALOG_COMPILER_GLOBAL_ACCENT_COLOR_NAME = AccentColor;
				CODE_SIGN_STYLE = Automatic;
				DEVELOPMENT_ASSET_PATHS = "\"AppEnv/Preview Content\"";
				DEVELOPMENT_TEAM = 3R955ULV38;
				ENABLE_PREVIEWS = YES;
				INFOPLIST_FILE = AppEnv/Info.plist;
				IPHONEOS_DEPLOYMENT_TARGET = 14.0;
				LD_RUNPATH_SEARCH_PATHS = (
					"$(inherited)",
					"@executable_path/Frameworks",
				);
				PRODUCT_BUNDLE_IDENTIFIER = com.tapcast.AppEnv;
				PRODUCT_NAME = "$(TARGET_NAME)";
				SWIFT_VERSION = 5.0;
				TARGETED_DEVICE_FAMILY = "1,2";
			};
			name = Debug;
		};
		9C1418B42639E71C006CC37C /* Release */ = {
			isa = XCBuildConfiguration;
			buildSettings = {
				ASSETCATALOG_COMPILER_APPICON_NAME = AppIcon;
				ASSETCATALOG_COMPILER_GLOBAL_ACCENT_COLOR_NAME = AccentColor;
				CODE_SIGN_STYLE = Automatic;
				DEVELOPMENT_ASSET_PATHS = "\"AppEnv/Preview Content\"";
				DEVELOPMENT_TEAM = 3R955ULV38;
				ENABLE_PREVIEWS = YES;
				INFOPLIST_FILE = AppEnv/Info.plist;
				IPHONEOS_DEPLOYMENT_TARGET = 14.0;
				LD_RUNPATH_SEARCH_PATHS = (
					"$(inherited)",
					"@executable_path/Frameworks",
				);
				PRODUCT_BUNDLE_IDENTIFIER = com.tapcast.AppEnv;
				PRODUCT_NAME = "$(TARGET_NAME)";
				SWIFT_VERSION = 5.0;
				TARGETED_DEVICE_FAMILY = "1,2";
			};
			name = Release;
		};
/* End XCBuildConfiguration section */

/* Begin XCConfigurationList section */
		9C14189E2639E71C006CC37C /* Build configuration list for PBXProject "AppEnv" */ = {
			isa = XCConfigurationList;
			buildConfigurations = (
				9C1418B02639E71C006CC37C /* Debug */,
				9C1418B12639E71C006CC37C /* Release */,
			);
			defaultConfigurationIsVisible = 0;
			defaultConfigurationName = Release;
		};
		9C1418B22639E71C006CC37C /* Build configuration list for PBXNativeTarget "AppEnv" */ = {
			isa = XCConfigurationList;
			buildConfigurations = (
				9C1418B32639E71C006CC37C /* Debug */,
				9C1418B42639E71C006CC37C /* Release */,
			);
			defaultConfigurationIsVisible = 0;
			defaultConfigurationName = Release;
		};
/* End XCConfigurationList section */
	};
	rootObject = 9C14189B2639E71C006CC37C /* Project object */;
}
